
Microsoft Visual Studio Solution File, Format Version 12.00
# Visual Studio 15
VisualStudioVersion = 15.0.28307.106
MinimumVisualStudioVersion = 10.0.40219.1
Project("{FAE04EC0-301F-11D3-BF4B-00C04F79EFBC}") = "OrderMobileApp.Android", "OrderMobileApp\OrderMobileApp.Android\OrderMobileApp.Android.csproj", "{24CE3C36-16B9-426D-AA0C-5961ECF8D88C}"
EndProject
Project("{FAE04EC0-301F-11D3-BF4B-00C04F79EFBC}") = "OrderMobileApp.iOS", "OrderMobileApp\OrderMobileApp.iOS\OrderMobileApp.iOS.csproj", "{C5F5401C-F7B8-4521-9C56-1F2897531A44}"
EndProject
Project("{FAE04EC0-301F-11D3-BF4B-00C04F79EFBC}") = "OrderMobileApp", "OrderMobileApp\OrderMobileApp\OrderMobileApp.csproj", "{5FBA867A-596B-46B0-9B8A-3B33875A3494}"
EndProject
Global
	GlobalSection(SolutionConfigurationPlatforms) = preSolution
		Debug|Any CPU = Debug|Any CPU
		Debug|iPhone = Debug|iPhone
		Debug|iPhoneSimulator = Debug|iPhoneSimulator
		Release|Any CPU = Release|Any CPU
		Release|iPhone = Release|iPhone
		Release|iPhoneSimulator = Release|iPhoneSimulator
	EndGlobalSection
	GlobalSection(ProjectConfigurationPlatforms) = postSolution
		{24CE3C36-16B9-426D-AA0C-5961ECF8D88C}.Debug|Any CPU.ActiveCfg = Debug|Any CPU
		{24CE3C36-16B9-426D-AA0C-5961ECF8D88C}.Debug|Any CPU.Build.0 = Debug|Any CPU
		{24CE3C36-16B9-426D-AA0C-5961ECF8D88C}.Debug|Any CPU.Deploy.0 = Debug|Any CPU
		{24CE3C36-16B9-426D-AA0C-5961ECF8D88C}.Debug|iPhone.ActiveCfg = Debug|Any CPU
		{24CE3C36-16B9-426D-AA0C-5961ECF8D88C}.Debug|iPhone.Build.0 = Debug|Any CPU
		{24CE3C36-16B9-426D-AA0C-5961ECF8D88C}.Debug|iPhone.Deploy.0 = Debug|Any CPU
		{24CE3C36-16B9-426D-AA0C-5961ECF8D88C}.Debug|iPhoneSimulator.ActiveCfg = Debug|Any CPU
		{24CE3C36-16B9-426D-AA0C-5961ECF8D88C}.Debug|iPhoneSimulator.Build.0 = Debug|Any CPU
		{24CE3C36-16B9-426D-AA0C-5961ECF8D88C}.Debug|iPhoneSimulator.Deploy.0 = Debug|Any CPU
		{24CE3C36-16B9-426D-AA0C-5961ECF8D88C}.Release|Any CPU.ActiveCfg = Release|Any CPU
		{24CE3C36-16B9-426D-AA0C-5961ECF8D88C}.Release|Any CPU.Build.0 = Release|Any CPU
		{24CE3C36-16B9-426D-AA0C-5961ECF8D88C}.Release|Any CPU.Deploy.0 = Release|Any CPU
		{24CE3C36-16B9-426D-AA0C-5961ECF8D88C}.Release|iPhone.ActiveCfg = Release|Any CPU
		{24CE3C36-16B9-426D-AA0C-5961ECF8D88C}.Release|iPhone.Build.0 = Release|Any CPU
		{24CE3C36-16B9-426D-AA0C-5961ECF8D88C}.Release|iPhone.Deploy.0 = Release|Any CPU
		{24CE3C36-16B9-426D-AA0C-5961ECF8D88C}.Release|iPhoneSimulator.ActiveCfg = Release|Any CPU
		{24CE3C36-16B9-426D-AA0C-5961ECF8D88C}.Release|iPhoneSimulator.Build.0 = Release|Any CPU
		{24CE3C36-16B9-426D-AA0C-5961ECF8D88C}.Release|iPhoneSimulator.Deploy.0 = Release|Any CPU
		{C5F5401C-F7B8-4521-9C56-1F2897531A44}.Debug|Any CPU.ActiveCfg = Debug|iPhoneSimulator
		{C5F5401C-F7B8-4521-9C56-1F2897531A44}.Debug|Any CPU.Build.0 = Debug|iPhoneSimulator
		{C5F5401C-F7B8-4521-9C56-1F2897531A44}.Debug|Any CPU.Deploy.0 = Debug|iPhoneSimulator
		{C5F5401C-F7B8-4521-9C56-1F2897531A44}.Debug|iPhone.ActiveCfg = Debug|iPhone
		{C5F5401C-F7B8-4521-9C56-1F2897531A44}.Debug|iPhone.Build.0 = Debug|iPhone
		{C5F5401C-F7B8-4521-9C56-1F2897531A44}.Debug|iPhone.Deploy.0 = Debug|iPhone
		{C5F5401C-F7B8-4521-9C56-1F2897531A44}.Debug|iPhoneSimulator.ActiveCfg = Debug|iPhoneSimulator
		{C5F5401C-F7B8-4521-9C56-1F2897531A44}.Debug|iPhoneSimulator.Build.0 = Debug|iPhoneSimulator
		{C5F5401C-F7B8-4521-9C56-1F2897531A44}.Debug|iPhoneSimulator.Deploy.0 = Debug|iPhoneSimulator
		{C5F5401C-F7B8-4521-9C56-1F2897531A44}.Release|Any CPU.ActiveCfg = Release|iPhone
		{C5F5401C-F7B8-4521-9C56-1F2897531A44}.Release|Any CPU.Build.0 = Release|iPhone
		{C5F5401C-F7B8-4521-9C56-1F2897531A44}.Release|Any CPU.Deploy.0 = Release|iPhone
		{C5F5401C-F7B8-4521-9C56-1F2897531A44}.Release|iPhone.ActiveCfg = Release|iPhone
		{C5F5401C-F7B8-4521-9C56-1F2897531A44}.Release|iPhone.Build.0 = Release|iPhone
		{C5F5401C-F7B8-4521-9C56-1F2897531A44}.Release|iPhone.Deploy.0 = Release|iPhone
		{C5F5401C-F7B8-4521-9C56-1F2897531A44}.Release|iPhoneSimulator.ActiveCfg = Release|iPhoneSimulator
		{C5F5401C-F7B8-4521-9C56-1F2897531A44}.Release|iPhoneSimulator.Build.0 = Release|iPhoneSimulator
		{C5F5401C-F7B8-4521-9C56-1F2897531A44}.Release|iPhoneSimulator.Deploy.0 = Release|iPhoneSimulator
		{5FBA867A-596B-46B0-9B8A-3B33875A3494}.Debug|Any CPU.ActiveCfg = Debug|Any CPU
		{5FBA867A-596B-46B0-9B8A-3B33875A3494}.Debug|Any CPU.Build.0 = Debug|Any CPU
		{5FBA867A-596B-46B0-9B8A-3B33875A3494}.Debug|Any CPU.Deploy.0 = Debug|Any CPU
		{5FBA867A-596B-46B0-9B8A-3B33875A3494}.Debug|iPhone.ActiveCfg = Debug|Any CPU
		{5FBA867A-596B-46B0-9B8A-3B33875A3494}.Debug|iPhone.Build.0 = Debug|Any CPU
		{5FBA867A-596B-46B0-9B8A-3B33875A3494}.Debug|iPhone.Deploy.0 = Debug|Any CPU
		{5FBA867A-596B-46B0-9B8A-3B33875A3494}.Debug|iPhoneSimulator.ActiveCfg = Debug|Any CPU
		{5FBA867A-596B-46B0-9B8A-3B33875A3494}.Debug|iPhoneSimulator.Build.0 = Debug|Any CPU
		{5FBA867A-596B-46B0-9B8A-3B33875A3494}.Debug|iPhoneSimulator.Deploy.0 = Debug|Any CPU
		{5FBA867A-596B-46B0-9B8A-3B33875A3494}.Release|Any CPU.ActiveCfg = Release|Any CPU
		{5FBA867A-596B-46B0-9B8A-3B33875A3494}.Release|Any CPU.Build.0 = Release|Any CPU
		{5FBA867A-596B-46B0-9B8A-3B33875A3494}.Release|Any CPU.Deploy.0 = Release|Any CPU
		{5FBA867A-596B-46B0-9B8A-3B33875A3494}.Release|iPhone.ActiveCfg = Release|Any CPU
		{5FBA867A-596B-46B0-9B8A-3B33875A3494}.Release|iPhone.Build.0 = Release|Any CPU
		{5FBA867A-596B-46B0-9B8A-3B33875A3494}.Release|iPhone.Deploy.0 = Release|Any CPU
		{5FBA867A-596B-46B0-9B8A-3B33875A3494}.Release|iPhoneSimulator.ActiveCfg = Release|Any CPU
		{5FBA867A-596B-46B0-9B8A-3B33875A3494}.Release|iPhoneSimulator.Build.0 = Release|Any CPU
		{5FBA867A-596B-46B0-9B8A-3B33875A3494}.Release|iPhoneSimulator.Deploy.0 = Release|Any CPU
	EndGlobalSection
	GlobalSection(SolutionProperties) = preSolution
		HideSolutionNode = FALSE
	EndGlobalSection
	GlobalSection(ExtensibilityGlobals) = postSolution
		SolutionGuid = {9CECAA6D-E8F6-4F46-A30C-6AE5C9266590}
	EndGlobalSection
EndGlobal
